
Microsoft Visual Studio Solution File, Format Version 12.00
# Visual Studio Version 17
VisualStudioVersion = 17.13.35825.156 d17.13
MinimumVisualStudioVersion = 10.0.40219.1
Project("{FAE04EC0-301F-11D3-BF4B-00C04F79EFBC}") = "Games", "Games\Games.csproj", "{D0FD5B37-C6CE-4A26-A6A4-4E58CFA4B9FC}"
EndProject
Global
	GlobalSection(SolutionConfigurationPlatforms) = preSolution
		Debug|Any CPU = Debug|Any CPU
		Release|Any CPU = Release|Any CPU
	EndGlobalSection
	GlobalSection(ProjectConfigurationPlatforms) = postSolution
		{D0FD5B37-C6CE-4A26-A6A4-4E58CFA4B9FC}.Debug|Any CPU.ActiveCfg = Debug|Any CPU
		{D0FD5B37-C6CE-4A26-A6A4-4E58CFA4B9FC}.Debug|Any CPU.Build.0 = Debug|Any CPU
		{D0FD5B37-C6CE-4A26-A6A4-4E58CFA4B9FC}.Release|Any CPU.ActiveCfg = Release|Any CPU
		{D0FD5B37-C6CE-4A26-A6A4-4E58CFA4B9FC}.Release|Any CPU.Build.0 = Release|Any CPU
	EndGlobalSection
	GlobalSection(SolutionProperties) = preSolution
		HideSolutionNode = FALSE
	EndGlobalSection
	GlobalSection(ExtensibilityGlobals) = postSolution
		SolutionGuid = {5886DFAB-BE02-400B-80D2-8FD0FED8AA89}
	EndGlobalSection
EndGlobal
